// !$*UTF8*$!
{
	archiveVersion = 1;
	classes = {
	};
	objectVersion = 46;
	objects = {

/* Begin PBXBuildFile section */
		52E180FB69DB61F04FF91D9F /* Pods_Berkeley_ABA_App.framework in Frameworks */ = {isa = PBXBuildFile; fileRef = 7C4B1F22C9518346FFFDC952 /* Pods_Berkeley_ABA_App.framework */; };
		B43709121D04DC7D004E0E75 /* AppDelegate.swift in Sources */ = {isa = PBXBuildFile; fileRef = B43709111D04DC7D004E0E75 /* AppDelegate.swift */; };
		B43709161D04DC7D004E0E75 /* ProfileViewController.swift in Sources */ = {isa = PBXBuildFile; fileRef = B43709151D04DC7D004E0E75 /* ProfileViewController.swift */; };
		B43709191D04DC7D004E0E75 /* Main.storyboard in Resources */ = {isa = PBXBuildFile; fileRef = B43709171D04DC7D004E0E75 /* Main.storyboard */; };
		B437091B1D04DC7D004E0E75 /* Assets.xcassets in Resources */ = {isa = PBXBuildFile; fileRef = B437091A1D04DC7D004E0E75 /* Assets.xcassets */; };
		B437091E1D04DC7D004E0E75 /* LaunchScreen.storyboard in Resources */ = {isa = PBXBuildFile; fileRef = B437091C1D04DC7D004E0E75 /* LaunchScreen.storyboard */; };
		B43709291D04DC7D004E0E75 /* Berkeley_ABA_AppTests.swift in Sources */ = {isa = PBXBuildFile; fileRef = B43709281D04DC7D004E0E75 /* Berkeley_ABA_AppTests.swift */; };
		B43709341D04DC7D004E0E75 /* Berkeley_ABA_AppUITests.swift in Sources */ = {isa = PBXBuildFile; fileRef = B43709331D04DC7D004E0E75 /* Berkeley_ABA_AppUITests.swift */; };
		B437094A1D04E178004E0E75 /* LoginViewController.swift in Sources */ = {isa = PBXBuildFile; fileRef = B43709491D04E178004E0E75 /* LoginViewController.swift */; };
		B43709511D04FB88004E0E75 /* OfficersTableViewController.swift in Sources */ = {isa = PBXBuildFile; fileRef = B43709501D04FB88004E0E75 /* OfficersTableViewController.swift */; };
		B4443D251D179A150088F58F /* GoogleService-Info.plist in Resources */ = {isa = PBXBuildFile; fileRef = B4443D241D179A150088F58F /* GoogleService-Info.plist */; };
		B44DC2BD1D19FE3400C419B9 /* CommitteesTableViewController 15-57-32-314.swift in Sources */ = {isa = PBXBuildFile; fileRef = B44DC2BC1D19FE3400C419B9 /* CommitteesTableViewController 15-57-32-314.swift */; };
		B44DC2BF1D19FF2E00C419B9 /* PersonInformationViewController.swift in Sources */ = {isa = PBXBuildFile; fileRef = B44DC2BE1D19FF2E00C419B9 /* PersonInformationViewController.swift */; };
		B44DC2C11D1AE4EC00C419B9 /* ThisPerson.swift in Sources */ = {isa = PBXBuildFile; fileRef = B44DC2C01D1AE4EC00C419B9 /* ThisPerson.swift */; };
		B44DC2D31D1DB44F00C419B9 /* TableViewCell.swift in Sources */ = {isa = PBXBuildFile; fileRef = B44DC2D21D1DB44F00C419B9 /* TableViewCell.swift */; };
		B44DC2D71D1DF3CB00C419B9 /* CommunityServiceTableViewController.swift in Sources */ = {isa = PBXBuildFile; fileRef = B44DC2D61D1DF3CB00C419B9 /* CommunityServiceTableViewController.swift */; };
		B49EFCBF1D067505009EA5C8 /* libicucore.tbd in Frameworks */ = {isa = PBXBuildFile; fileRef = B49EFCBE1D067505009EA5C8 /* libicucore.tbd */; };
		B49EFCC11D067515009EA5C8 /* libc++.tbd in Frameworks */ = {isa = PBXBuildFile; fileRef = B49EFCC01D067515009EA5C8 /* libc++.tbd */; };
		B49EFCC31D067647009EA5C8 /* CFNetwork.framework in Frameworks */ = {isa = PBXBuildFile; fileRef = B49EFCC21D067647009EA5C8 /* CFNetwork.framework */; };
		B49EFCC51D06764F009EA5C8 /* Security.framework in Frameworks */ = {isa = PBXBuildFile; fileRef = B49EFCC41D06764F009EA5C8 /* Security.framework */; };
		B49EFCC71D067658009EA5C8 /* SystemConfiguration.framework in Frameworks */ = {isa = PBXBuildFile; fileRef = B49EFCC61D067658009EA5C8 /* SystemConfiguration.framework */; };
		B49EFCCD1D06875D009EA5C8 /* CreateAccountViewController.swift in Sources */ = {isa = PBXBuildFile; fileRef = B49EFCCC1D06875D009EA5C8 /* CreateAccountViewController.swift */; };
		B4A5D50C1D066BD6004DD385 /* FBSDKCoreKit.framework in Frameworks */ = {isa = PBXBuildFile; fileRef = B4A5D50A1D066BD6004DD385 /* FBSDKCoreKit.framework */; };
		B4A5D50D1D066BD6004DD385 /* FBSDKLoginKit.framework in Frameworks */ = {isa = PBXBuildFile; fileRef = B4A5D50B1D066BD6004DD385 /* FBSDKLoginKit.framework */; };
		B4CF72CF1D30898A00F40C56 /* EventDetailsViewController.swift in Sources */ = {isa = PBXBuildFile; fileRef = B4CF72CE1D30898A00F40C56 /* EventDetailsViewController.swift */; };
		B4CF72D41D30A3B000F40C56 /* LocationMapViewController.swift in Sources */ = {isa = PBXBuildFile; fileRef = B4CF72D31D30A3B000F40C56 /* LocationMapViewController.swift */; };
		B4CF72D61D318A8A00F40C56 /* CreditsViewController.swift in Sources */ = {isa = PBXBuildFile; fileRef = B4CF72D51D318A8A00F40C56 /* CreditsViewController.swift */; };
		B4CF72D81D32F2D300F40C56 /* Launch Screen.storyboard in Resources */ = {isa = PBXBuildFile; fileRef = B4CF72D71D32F2D300F40C56 /* Launch Screen.storyboard */; };
		B4CF72DC1D36323C00F40C56 /* BlueGradientBackground.swift in Sources */ = {isa = PBXBuildFile; fileRef = B4CF72DB1D36323C00F40C56 /* BlueGradientBackground.swift */; };
		B4CF72DE1D36CF1400F40C56 /* CabinetAccessLoginViewController.swift in Sources */ = {isa = PBXBuildFile; fileRef = B4CF72DD1D36CF1400F40C56 /* CabinetAccessLoginViewController.swift */; };
		B4CF72E31D375E8200F40C56 /* CabinetAccessHome.swift in Sources */ = {isa = PBXBuildFile; fileRef = B4CF72E21D375E8200F40C56 /* CabinetAccessHome.swift */; };
		B4D7D3B31D071EB8001AA109 /* Reachability.swift in Sources */ = {isa = PBXBuildFile; fileRef = B4D7D3B21D071EB8001AA109 /* Reachability.swift */; };
		B4D7D3B91D07918E001AA109 /* ReportABugViewController.swift in Sources */ = {isa = PBXBuildFile; fileRef = B4D7D3B81D07918E001AA109 /* ReportABugViewController.swift */; };
		B4D7D3C51D0CBA43001AA109 /* GTMOAuth2ViewTouch.xib in Resources */ = {isa = PBXBuildFile; fileRef = B4D7D3C41D0CBA43001AA109 /* GTMOAuth2ViewTouch.xib */; };
		B4D7D3C71D0CBA65001AA109 /* CalendarViewController.swift in Sources */ = {isa = PBXBuildFile; fileRef = B4D7D3C61D0CBA65001AA109 /* CalendarViewController.swift */; };
/* End PBXBuildFile section */

/* Begin PBXContainerItemProxy section */
		B43709251D04DC7D004E0E75 /* PBXContainerItemProxy */ = {
			isa = PBXContainerItemProxy;
			containerPortal = B43709061D04DC7D004E0E75 /* Project object */;
			proxyType = 1;
			remoteGlobalIDString = B437090D1D04DC7D004E0E75;
			remoteInfo = "Berkeley ABA App";
		};
		B43709301D04DC7D004E0E75 /* PBXContainerItemProxy */ = {
			isa = PBXContainerItemProxy;
			containerPortal = B43709061D04DC7D004E0E75 /* Project object */;
			proxyType = 1;
			remoteGlobalIDString = B437090D1D04DC7D004E0E75;
			remoteInfo = "Berkeley ABA App";
		};
/* End PBXContainerItemProxy section */

/* Begin PBXFileReference section */
		24829880FE1C6090E5EDEC60 /* Pods-Berkeley ABA App.release.xcconfig */ = {isa = PBXFileReference; includeInIndex = 1; lastKnownFileType = text.xcconfig; name = "Pods-Berkeley ABA App.release.xcconfig"; path = "Pods/Target Support Files/Pods-Berkeley ABA App/Pods-Berkeley ABA App.release.xcconfig"; sourceTree = "<group>"; };
		48DE27E6B6D90ED834938E8E /* Pods_Berkeley_ABA_AppUITests.framework */ = {isa = PBXFileReference; explicitFileType = wrapper.framework; includeInIndex = 0; path = Pods_Berkeley_ABA_AppUITests.framework; sourceTree = BUILT_PRODUCTS_DIR; };
		7C4B1F22C9518346FFFDC952 /* Pods_Berkeley_ABA_App.framework */ = {isa = PBXFileReference; explicitFileType = wrapper.framework; includeInIndex = 0; path = Pods_Berkeley_ABA_App.framework; sourceTree = BUILT_PRODUCTS_DIR; };
		7FCC436BEECDA361DFC7939B /* Pods-Berkeley ABA App.debug.xcconfig */ = {isa = PBXFileReference; includeInIndex = 1; lastKnownFileType = text.xcconfig; name = "Pods-Berkeley ABA App.debug.xcconfig"; path = "Pods/Target Support Files/Pods-Berkeley ABA App/Pods-Berkeley ABA App.debug.xcconfig"; sourceTree = "<group>"; };
		9BAF4D75005BCBED2B7C7058 /* Pods_Berkeley_ABA_AppTests.framework */ = {isa = PBXFileReference; explicitFileType = wrapper.framework; includeInIndex = 0; path = Pods_Berkeley_ABA_AppTests.framework; sourceTree = BUILT_PRODUCTS_DIR; };
		B437090E1D04DC7D004E0E75 /* Berkeley ABA App.app */ = {isa = PBXFileReference; explicitFileType = wrapper.application; includeInIndex = 0; path = "Berkeley ABA App.app"; sourceTree = BUILT_PRODUCTS_DIR; };
		B43709111D04DC7D004E0E75 /* AppDelegate.swift */ = {isa = PBXFileReference; lastKnownFileType = sourcecode.swift; path = AppDelegate.swift; sourceTree = "<group>"; };
		B43709151D04DC7D004E0E75 /* ProfileViewController.swift */ = {isa = PBXFileReference; lastKnownFileType = sourcecode.swift; name = ProfileViewController.swift; path = ../ProfileViewController.swift; sourceTree = "<group>"; };
		B43709181D04DC7D004E0E75 /* Base */ = {isa = PBXFileReference; lastKnownFileType = file.storyboard; name = Base; path = Base.lproj/Main.storyboard; sourceTree = "<group>"; };
		B437091A1D04DC7D004E0E75 /* Assets.xcassets */ = {isa = PBXFileReference; lastKnownFileType = folder.assetcatalog; path = Assets.xcassets; sourceTree = "<group>"; };
		B437091D1D04DC7D004E0E75 /* Base */ = {isa = PBXFileReference; lastKnownFileType = file.storyboard; name = Base; path = Base.lproj/LaunchScreen.storyboard; sourceTree = "<group>"; };
		B437091F1D04DC7D004E0E75 /* Info.plist */ = {isa = PBXFileReference; lastKnownFileType = text.plist.xml; path = Info.plist; sourceTree = "<group>"; };
		B43709241D04DC7D004E0E75 /* Berkeley ABA AppTests.xctest */ = {isa = PBXFileReference; explicitFileType = wrapper.cfbundle; includeInIndex = 0; path = "Berkeley ABA AppTests.xctest"; sourceTree = BUILT_PRODUCTS_DIR; };
		B43709281D04DC7D004E0E75 /* Berkeley_ABA_AppTests.swift */ = {isa = PBXFileReference; lastKnownFileType = sourcecode.swift; path = Berkeley_ABA_AppTests.swift; sourceTree = "<group>"; };
		B437092A1D04DC7D004E0E75 /* Info.plist */ = {isa = PBXFileReference; lastKnownFileType = text.plist.xml; path = Info.plist; sourceTree = "<group>"; };
		B437092F1D04DC7D004E0E75 /* Berkeley ABA AppUITests.xctest */ = {isa = PBXFileReference; explicitFileType = wrapper.cfbundle; includeInIndex = 0; path = "Berkeley ABA AppUITests.xctest"; sourceTree = BUILT_PRODUCTS_DIR; };
		B43709331D04DC7D004E0E75 /* Berkeley_ABA_AppUITests.swift */ = {isa = PBXFileReference; lastKnownFileType = sourcecode.swift; path = Berkeley_ABA_AppUITests.swift; sourceTree = "<group>"; };
		B43709351D04DC7D004E0E75 /* Info.plist */ = {isa = PBXFileReference; lastKnownFileType = text.plist.xml; path = Info.plist; sourceTree = "<group>"; };
		B43709451D04DCE3004E0E75 /* Berkeley ABA App-Bridging-Header.h */ = {isa = PBXFileReference; lastKnownFileType = sourcecode.c.h; path = "Berkeley ABA App-Bridging-Header.h"; sourceTree = "<group>"; };
		B43709491D04E178004E0E75 /* LoginViewController.swift */ = {isa = PBXFileReference; fileEncoding = 4; lastKnownFileType = sourcecode.swift; name = LoginViewController.swift; path = ../../LoginViewController.swift; sourceTree = "<group>"; };
		B43709501D04FB88004E0E75 /* OfficersTableViewController.swift */ = {isa = PBXFileReference; fileEncoding = 4; lastKnownFileType = sourcecode.swift; path = OfficersTableViewController.swift; sourceTree = "<group>"; };
		B4443D241D179A150088F58F /* GoogleService-Info.plist */ = {isa = PBXFileReference; fileEncoding = 4; lastKnownFileType = text.plist.xml; path = "GoogleService-Info.plist"; sourceTree = "<group>"; };
		B44DC2BC1D19FE3400C419B9 /* CommitteesTableViewController 15-57-32-314.swift */ = {isa = PBXFileReference; fileEncoding = 4; lastKnownFileType = sourcecode.swift; name = "CommitteesTableViewController 15-57-32-314.swift"; path = "../Berkeley ABA App/CommitteesTableViewController 15-57-32-314.swift"; sourceTree = "<group>"; };
		B44DC2BE1D19FF2E00C419B9 /* PersonInformationViewController.swift */ = {isa = PBXFileReference; fileEncoding = 4; lastKnownFileType = sourcecode.swift; name = PersonInformationViewController.swift; path = "Berkeley ABA App/PersonInformationViewController.swift"; sourceTree = SOURCE_ROOT; };
		B44DC2C01D1AE4EC00C419B9 /* ThisPerson.swift */ = {isa = PBXFileReference; fileEncoding = 4; lastKnownFileType = sourcecode.swift; name = ThisPerson.swift; path = Officers/ThisPerson.swift; sourceTree = "<group>"; };
		B44DC2D21D1DB44F00C419B9 /* TableViewCell.swift */ = {isa = PBXFileReference; fileEncoding = 4; lastKnownFileType = sourcecode.swift; path = TableViewCell.swift; sourceTree = "<group>"; };
		B44DC2D61D1DF3CB00C419B9 /* CommunityServiceTableViewController.swift */ = {isa = PBXFileReference; fileEncoding = 4; lastKnownFileType = sourcecode.swift; path = CommunityServiceTableViewController.swift; sourceTree = "<group>"; };
		B49EFCBE1D067505009EA5C8 /* libicucore.tbd */ = {isa = PBXFileReference; lastKnownFileType = "sourcecode.text-based-dylib-definition"; name = libicucore.tbd; path = usr/lib/libicucore.tbd; sourceTree = SDKROOT; };
		B49EFCC01D067515009EA5C8 /* libc++.tbd */ = {isa = PBXFileReference; lastKnownFileType = "sourcecode.text-based-dylib-definition"; name = "libc++.tbd"; path = "usr/lib/libc++.tbd"; sourceTree = SDKROOT; };
		B49EFCC21D067647009EA5C8 /* CFNetwork.framework */ = {isa = PBXFileReference; lastKnownFileType = wrapper.framework; name = CFNetwork.framework; path = System/Library/Frameworks/CFNetwork.framework; sourceTree = SDKROOT; };
		B49EFCC41D06764F009EA5C8 /* Security.framework */ = {isa = PBXFileReference; lastKnownFileType = wrapper.framework; name = Security.framework; path = System/Library/Frameworks/Security.framework; sourceTree = SDKROOT; };
		B49EFCC61D067658009EA5C8 /* SystemConfiguration.framework */ = {isa = PBXFileReference; lastKnownFileType = wrapper.framework; name = SystemConfiguration.framework; path = System/Library/Frameworks/SystemConfiguration.framework; sourceTree = SDKROOT; };
		B49EFCC81D0676A4009EA5C8 /* Firebase.framework */ = {isa = PBXFileReference; lastKnownFileType = wrapper.framework; name = Firebase.framework; path = ../../Firebase.framework; sourceTree = "<group>"; };
		B49EFCCC1D06875D009EA5C8 /* CreateAccountViewController.swift */ = {isa = PBXFileReference; fileEncoding = 4; lastKnownFileType = sourcecode.swift; name = CreateAccountViewController.swift; path = ../../CreateAccountViewController.swift; sourceTree = "<group>"; };
		B4A5D50A1D066BD6004DD385 /* FBSDKCoreKit.framework */ = {isa = PBXFileReference; lastKnownFileType = wrapper.framework; path = FBSDKCoreKit.framework; sourceTree = "<group>"; };
		B4A5D50B1D066BD6004DD385 /* FBSDKLoginKit.framework */ = {isa = PBXFileReference; lastKnownFileType = wrapper.framework; path = FBSDKLoginKit.framework; sourceTree = "<group>"; };
		B4A5D50E1D066D51004DD385 /* Firebase.framework */ = {isa = PBXFileReference; lastKnownFileType = wrapper.framework; path = Firebase.framework; sourceTree = "<group>"; };
		B4CF72CE1D30898A00F40C56 /* EventDetailsViewController.swift */ = {isa = PBXFileReference; fileEncoding = 4; lastKnownFileType = sourcecode.swift; name = EventDetailsViewController.swift; path = ../EventDetailsViewController.swift; sourceTree = "<group>"; };
		B4CF72D31D30A3B000F40C56 /* LocationMapViewController.swift */ = {isa = PBXFileReference; fileEncoding = 4; lastKnownFileType = sourcecode.swift; path = LocationMapViewController.swift; sourceTree = "<group>"; };
		B4CF72D51D318A8A00F40C56 /* CreditsViewController.swift */ = {isa = PBXFileReference; fileEncoding = 4; lastKnownFileType = sourcecode.swift; name = CreditsViewController.swift; path = ../CreditsViewController.swift; sourceTree = "<group>"; };
		B4CF72D71D32F2D300F40C56 /* Launch Screen.storyboard */ = {isa = PBXFileReference; fileEncoding = 4; lastKnownFileType = file.storyboard; path = "Launch Screen.storyboard"; sourceTree = "<group>"; };
		B4CF72DB1D36323C00F40C56 /* BlueGradientBackground.swift */ = {isa = PBXFileReference; fileEncoding = 4; lastKnownFileType = sourcecode.swift; name = BlueGradientBackground.swift; path = ../BlueGradientBackground.swift; sourceTree = "<group>"; };
		B4CF72DD1D36CF1400F40C56 /* CabinetAccessLoginViewController.swift */ = {isa = PBXFileReference; fileEncoding = 4; lastKnownFileType = sourcecode.swift; name = CabinetAccessLoginViewController.swift; path = ../CabinetAccessLoginViewController.swift; sourceTree = "<group>"; };
		B4CF72E21D375E8200F40C56 /* CabinetAccessHome.swift */ = {isa = PBXFileReference; fileEncoding = 4; lastKnownFileType = sourcecode.swift; path = CabinetAccessHome.swift; sourceTree = "<group>"; };
		B4D7D3B21D071EB8001AA109 /* Reachability.swift */ = {isa = PBXFileReference; fileEncoding = 4; lastKnownFileType = sourcecode.swift; path = Reachability.swift; sourceTree = "<group>"; };
		B4D7D3B81D07918E001AA109 /* ReportABugViewController.swift */ = {isa = PBXFileReference; fileEncoding = 4; lastKnownFileType = sourcecode.swift; name = ReportABugViewController.swift; path = ../ReportABugViewController.swift; sourceTree = "<group>"; };
		B4D7D3C41D0CBA43001AA109 /* GTMOAuth2ViewTouch.xib */ = {isa = PBXFileReference; fileEncoding = 4; lastKnownFileType = file.xib; path = GTMOAuth2ViewTouch.xib; sourceTree = "<group>"; };
		B4D7D3C61D0CBA65001AA109 /* CalendarViewController.swift */ = {isa = PBXFileReference; fileEncoding = 4; lastKnownFileType = sourcecode.swift; name = CalendarViewController.swift; path = ../../CalendarViewController.swift; sourceTree = "<group>"; };
/* End PBXFileReference section */

/* Begin PBXFrameworksBuildPhase section */
		B437090B1D04DC7D004E0E75 /* Frameworks */ = {
			isa = PBXFrameworksBuildPhase;
			buildActionMask = 2147483647;
			files = (
				B49EFCC71D067658009EA5C8 /* SystemConfiguration.framework in Frameworks */,
				B49EFCC51D06764F009EA5C8 /* Security.framework in Frameworks */,
				B49EFCC31D067647009EA5C8 /* CFNetwork.framework in Frameworks */,
				B49EFCC11D067515009EA5C8 /* libc++.tbd in Frameworks */,
				B49EFCBF1D067505009EA5C8 /* libicucore.tbd in Frameworks */,
				52E180FB69DB61F04FF91D9F /* Pods_Berkeley_ABA_App.framework in Frameworks */,
				B4A5D50C1D066BD6004DD385 /* FBSDKCoreKit.framework in Frameworks */,
				B4A5D50D1D066BD6004DD385 /* FBSDKLoginKit.framework in Frameworks */,
			);
			runOnlyForDeploymentPostprocessing = 0;
		};
		B43709211D04DC7D004E0E75 /* Frameworks */ = {
			isa = PBXFrameworksBuildPhase;
			buildActionMask = 2147483647;
			files = (
			);
			runOnlyForDeploymentPostprocessing = 0;
		};
		B437092C1D04DC7D004E0E75 /* Frameworks */ = {
			isa = PBXFrameworksBuildPhase;
			buildActionMask = 2147483647;
			files = (
			);
			runOnlyForDeploymentPostprocessing = 0;
		};
/* End PBXFrameworksBuildPhase section */

/* Begin PBXGroup section */
		6C9D6B342E9CA39CEA15AA55 /* Pods */ = {
			isa = PBXGroup;
			children = (
				7FCC436BEECDA361DFC7939B /* Pods-Berkeley ABA App.debug.xcconfig */,
				24829880FE1C6090E5EDEC60 /* Pods-Berkeley ABA App.release.xcconfig */,
			);
			name = Pods;
			sourceTree = "<group>";
		};
		B43709051D04DC7D004E0E75 = {
			isa = PBXGroup;
			children = (
				B4A5D50A1D066BD6004DD385 /* FBSDKCoreKit.framework */,
				B4A5D50B1D066BD6004DD385 /* FBSDKLoginKit.framework */,
				B43709101D04DC7D004E0E75 /* Berkeley ABA App */,
				B43709271D04DC7D004E0E75 /* Berkeley ABA AppTests */,
				B43709321D04DC7D004E0E75 /* Berkeley ABA AppUITests */,
				B437090F1D04DC7D004E0E75 /* Products */,
				6C9D6B342E9CA39CEA15AA55 /* Pods */,
				F43EF889D1AF1F6FE0BE45F7 /* Frameworks */,
			);
			sourceTree = "<group>";
		};
		B437090F1D04DC7D004E0E75 /* Products */ = {
			isa = PBXGroup;
			children = (
				B437090E1D04DC7D004E0E75 /* Berkeley ABA App.app */,
				B43709241D04DC7D004E0E75 /* Berkeley ABA AppTests.xctest */,
				B437092F1D04DC7D004E0E75 /* Berkeley ABA AppUITests.xctest */,
			);
			name = Products;
			sourceTree = "<group>";
		};
		B43709101D04DC7D004E0E75 /* Berkeley ABA App */ = {
			isa = PBXGroup;
			children = (
				B43709111D04DC7D004E0E75 /* AppDelegate.swift */,
				B4D7D3BA1D07AB93001AA109 /* Profile Page */,
				B4CF72D01D3089A900F40C56 /* Events */,
				B4D7D3BB1D07ABD4001AA109 /* Login Page */,
				B437094E1D04FB88004E0E75 /* People */,
				B43709171D04DC7D004E0E75 /* Main.storyboard */,
				B437091A1D04DC7D004E0E75 /* Assets.xcassets */,
				B437091C1D04DC7D004E0E75 /* LaunchScreen.storyboard */,
				B437091F1D04DC7D004E0E75 /* Info.plist */,
				B4D7D3B21D071EB8001AA109 /* Reachability.swift */,
				B43709451D04DCE3004E0E75 /* Berkeley ABA App-Bridging-Header.h */,
				B4D7D3C41D0CBA43001AA109 /* GTMOAuth2ViewTouch.xib */,
				B4CF72D71D32F2D300F40C56 /* Launch Screen.storyboard */,
				B4443D241D179A150088F58F /* GoogleService-Info.plist */,
				B49EFCC81D0676A4009EA5C8 /* Firebase.framework */,
			);
			path = "Berkeley ABA App";
			sourceTree = "<group>";
		};
		B43709271D04DC7D004E0E75 /* Berkeley ABA AppTests */ = {
			isa = PBXGroup;
			children = (
				B43709281D04DC7D004E0E75 /* Berkeley_ABA_AppTests.swift */,
				B437092A1D04DC7D004E0E75 /* Info.plist */,
			);
			path = "Berkeley ABA AppTests";
			sourceTree = "<group>";
		};
		B43709321D04DC7D004E0E75 /* Berkeley ABA AppUITests */ = {
			isa = PBXGroup;
			children = (
				B43709331D04DC7D004E0E75 /* Berkeley_ABA_AppUITests.swift */,
				B43709351D04DC7D004E0E75 /* Info.plist */,
			);
			path = "Berkeley ABA AppUITests";
			sourceTree = "<group>";
		};
		B437094E1D04FB88004E0E75 /* People */ = {
			isa = PBXGroup;
			children = (
				B44DC2BC1D19FE3400C419B9 /* CommitteesTableViewController 15-57-32-314.swift */,
				B44DC2BE1D19FF2E00C419B9 /* PersonInformationViewController.swift */,
				B44DC2D21D1DB44F00C419B9 /* TableViewCell.swift */,
				B44DC2C01D1AE4EC00C419B9 /* ThisPerson.swift */,
				B437094F1D04FB88004E0E75 /* Committees */,
			);
			name = People;
			path = ../People;
			sourceTree = "<group>";
		};
		B437094F1D04FB88004E0E75 /* Committees */ = {
			isa = PBXGroup;
			children = (
				B43709501D04FB88004E0E75 /* OfficersTableViewController.swift */,
				B44DC2D61D1DF3CB00C419B9 /* CommunityServiceTableViewController.swift */,
			);
			name = Committees;
			path = Officers;
			sourceTree = "<group>";
		};
		B4CF72D01D3089A900F40C56 /* Events */ = {
			isa = PBXGroup;
			children = (
				B4D7D3C61D0CBA65001AA109 /* CalendarViewController.swift */,
				B4CF72CE1D30898A00F40C56 /* EventDetailsViewController.swift */,
				B4CF72D31D30A3B000F40C56 /* LocationMapViewController.swift */,
			);
			path = Events;
			sourceTree = "<group>";
		};
		B4CF72DF1D375E3600F40C56 /* Cabinet Access */ = {
			isa = PBXGroup;
			children = (
				B4CF72DB1D36323C00F40C56 /* BlueGradientBackground.swift */,
				B4CF72E21D375E8200F40C56 /* CabinetAccessHome.swift */,
				B4CF72DD1D36CF1400F40C56 /* CabinetAccessLoginViewController.swift */,
			);
			path = "Cabinet Access";
			sourceTree = "<group>";
		};
		B4D7D3BA1D07AB93001AA109 /* Profile Page */ = {
			isa = PBXGroup;
			children = (
				B4CF72D51D318A8A00F40C56 /* CreditsViewController.swift */,
				B4D7D3B81D07918E001AA109 /* ReportABugViewController.swift */,
				B43709151D04DC7D004E0E75 /* ProfileViewController.swift */,
				B4CF72DF1D375E3600F40C56 /* Cabinet Access */,
			);
			path = "Profile Page";
			sourceTree = "<group>";
		};
		B4D7D3BB1D07ABD4001AA109 /* Login Page */ = {
			isa = PBXGroup;
			children = (
				B43709491D04E178004E0E75 /* LoginViewController.swift */,
				B49EFCCC1D06875D009EA5C8 /* CreateAccountViewController.swift */,
			);
			name = "Login Page";
			path = "Profile Page/Login Page";
			sourceTree = "<group>";
		};
		F43EF889D1AF1F6FE0BE45F7 /* Frameworks */ = {
			isa = PBXGroup;
			children = (
				B49EFCC61D067658009EA5C8 /* SystemConfiguration.framework */,
				B49EFCC41D06764F009EA5C8 /* Security.framework */,
				B49EFCC21D067647009EA5C8 /* CFNetwork.framework */,
				B49EFCC01D067515009EA5C8 /* libc++.tbd */,
				B49EFCBE1D067505009EA5C8 /* libicucore.tbd */,
				B4A5D50E1D066D51004DD385 /* Firebase.framework */,
				7C4B1F22C9518346FFFDC952 /* Pods_Berkeley_ABA_App.framework */,
				9BAF4D75005BCBED2B7C7058 /* Pods_Berkeley_ABA_AppTests.framework */,
				48DE27E6B6D90ED834938E8E /* Pods_Berkeley_ABA_AppUITests.framework */,
			);
			name = Frameworks;
			sourceTree = "<group>";
		};
/* End PBXGroup section */

/* Begin PBXNativeTarget section */
		B437090D1D04DC7D004E0E75 /* Berkeley ABA App */ = {
			isa = PBXNativeTarget;
			buildConfigurationList = B43709381D04DC7E004E0E75 /* Build configuration list for PBXNativeTarget "Berkeley ABA App" */;
			buildPhases = (
				AAEFB959E894E12D7BB1885F /* [CP] Check Pods Manifest.lock */,
				B437090A1D04DC7D004E0E75 /* Sources */,
				B437090B1D04DC7D004E0E75 /* Frameworks */,
				B437090C1D04DC7D004E0E75 /* Resources */,
				67E1D52318C33EAEA69C5258 /* [CP] Embed Pods Frameworks */,
				3F250E89ADF7645A15E77747 /* [CP] Copy Pods Resources */,
			);
			buildRules = (
			);
			dependencies = (
			);
			name = "Berkeley ABA App";
			productName = "Berkeley ABA App";
			productReference = B437090E1D04DC7D004E0E75 /* Berkeley ABA App.app */;
			productType = "com.apple.product-type.application";
		};
		B43709231D04DC7D004E0E75 /* Berkeley ABA AppTests */ = {
			isa = PBXNativeTarget;
			buildConfigurationList = B437093B1D04DC7E004E0E75 /* Build configuration list for PBXNativeTarget "Berkeley ABA AppTests" */;
			buildPhases = (
				F6C964F3737ACE7B580AFE44 /* [CP] Check Pods Manifest.lock */,
				B43709201D04DC7D004E0E75 /* Sources */,
				B43709211D04DC7D004E0E75 /* Frameworks */,
				B43709221D04DC7D004E0E75 /* Resources */,
				4DDE5152F33DD7278121F39D /* [CP] Embed Pods Frameworks */,
				A47D9A8578811C118ACF88A8 /* [CP] Copy Pods Resources */,
			);
			buildRules = (
			);
			dependencies = (
				B43709261D04DC7D004E0E75 /* PBXTargetDependency */,
			);
			name = "Berkeley ABA AppTests";
			productName = "Berkeley ABA AppTests";
			productReference = B43709241D04DC7D004E0E75 /* Berkeley ABA AppTests.xctest */;
			productType = "com.apple.product-type.bundle.unit-test";
		};
		B437092E1D04DC7D004E0E75 /* Berkeley ABA AppUITests */ = {
			isa = PBXNativeTarget;
			buildConfigurationList = B437093E1D04DC7E004E0E75 /* Build configuration list for PBXNativeTarget "Berkeley ABA AppUITests" */;
			buildPhases = (
				E068F67F28A766E8E6AC3A2A /* [CP] Check Pods Manifest.lock */,
				B437092B1D04DC7D004E0E75 /* Sources */,
				B437092C1D04DC7D004E0E75 /* Frameworks */,
				B437092D1D04DC7D004E0E75 /* Resources */,
				153135CAE3A5459C30D14462 /* [CP] Copy Pods Resources */,
			);
			buildRules = (
			);
			dependencies = (
				B43709311D04DC7D004E0E75 /* PBXTargetDependency */,
			);
			name = "Berkeley ABA AppUITests";
			productName = "Berkeley ABA AppUITests";
			productReference = B437092F1D04DC7D004E0E75 /* Berkeley ABA AppUITests.xctest */;
			productType = "com.apple.product-type.bundle.ui-testing";
		};
/* End PBXNativeTarget section */

/* Begin PBXProject section */
		B43709061D04DC7D004E0E75 /* Project object */ = {
			isa = PBXProject;
			attributes = {
				LastSwiftUpdateCheck = 0720;
				LastUpgradeCheck = 0720;
				ORGANIZATIONNAME = "Timothy Hsu";
				TargetAttributes = {
					B437090D1D04DC7D004E0E75 = {
						CreatedOnToolsVersion = 7.2;
						DevelopmentTeam = YEM5B56G25;
						SystemCapabilities = {
							com.apple.BackgroundModes = {
								enabled = 1;
							};
							com.apple.Push = {
								enabled = 1;
							};
						};
					};
					B43709231D04DC7D004E0E75 = {
						CreatedOnToolsVersion = 7.2;
						TestTargetID = B437090D1D04DC7D004E0E75;
					};
					B437092E1D04DC7D004E0E75 = {
						CreatedOnToolsVersion = 7.2;
						TestTargetID = B437090D1D04DC7D004E0E75;
					};
				};
			};
			buildConfigurationList = B43709091D04DC7D004E0E75 /* Build configuration list for PBXProject "Berkeley ABA App" */;
			compatibilityVersion = "Xcode 3.2";
			developmentRegion = English;
			hasScannedForEncodings = 0;
			knownRegions = (
				en,
				Base,
			);
			mainGroup = B43709051D04DC7D004E0E75;
			productRefGroup = B437090F1D04DC7D004E0E75 /* Products */;
			projectDirPath = "";
			projectRoot = "";
			targets = (
				B437090D1D04DC7D004E0E75 /* Berkeley ABA App */,
				B43709231D04DC7D004E0E75 /* Berkeley ABA AppTests */,
				B437092E1D04DC7D004E0E75 /* Berkeley ABA AppUITests */,
			);
		};
/* End PBXProject section */

/* Begin PBXResourcesBuildPhase section */
		B437090C1D04DC7D004E0E75 /* Resources */ = {
			isa = PBXResourcesBuildPhase;
			buildActionMask = 2147483647;
			files = (
				B4CF72D81D32F2D300F40C56 /* Launch Screen.storyboard in Resources */,
				B4D7D3C51D0CBA43001AA109 /* GTMOAuth2ViewTouch.xib in Resources */,
				B437091E1D04DC7D004E0E75 /* LaunchScreen.storyboard in Resources */,
				B4443D251D179A150088F58F /* GoogleService-Info.plist in Resources */,
				B437091B1D04DC7D004E0E75 /* Assets.xcassets in Resources */,
				B43709191D04DC7D004E0E75 /* Main.storyboard in Resources */,
			);
			runOnlyForDeploymentPostprocessing = 0;
		};
		B43709221D04DC7D004E0E75 /* Resources */ = {
			isa = PBXResourcesBuildPhase;
			buildActionMask = 2147483647;
			files = (
			);
			runOnlyForDeploymentPostprocessing = 0;
		};
		B437092D1D04DC7D004E0E75 /* Resources */ = {
			isa = PBXResourcesBuildPhase;
			buildActionMask = 2147483647;
			files = (
			);
			runOnlyForDeploymentPostprocessing = 0;
		};
/* End PBXResourcesBuildPhase section */

/* Begin PBXShellScriptBuildPhase section */
		153135CAE3A5459C30D14462 /* [CP] Copy Pods Resources */ = {
			isa = PBXShellScriptBuildPhase;
			buildActionMask = 2147483647;
			files = (
			);
			inputPaths = (
			);
			name = "[CP] Copy Pods Resources";
			outputPaths = (
			);
			runOnlyForDeploymentPostprocessing = 0;
			shellPath = /bin/sh;
			shellScript = "\"${SRCROOT}/Pods/Target Support Files/Pods-Berkeley ABA AppUITests/Pods-Berkeley ABA AppUITests-resources.sh\"\n";
			showEnvVarsInLog = 0;
		};
		3F250E89ADF7645A15E77747 /* [CP] Copy Pods Resources */ = {
			isa = PBXShellScriptBuildPhase;
			buildActionMask = 2147483647;
			files = (
			);
			inputPaths = (
			);
			name = "[CP] Copy Pods Resources";
			outputPaths = (
			);
			runOnlyForDeploymentPostprocessing = 0;
			shellPath = /bin/sh;
			shellScript = "\"${SRCROOT}/Pods/Target Support Files/Pods-Berkeley ABA App/Pods-Berkeley ABA App-resources.sh\"\n";
			showEnvVarsInLog = 0;
		};
		4DDE5152F33DD7278121F39D /* [CP] Embed Pods Frameworks */ = {
			isa = PBXShellScriptBuildPhase;
			buildActionMask = 2147483647;
			files = (
			);
			inputPaths = (
			);
			name = "[CP] Embed Pods Frameworks";
			outputPaths = (
			);
			runOnlyForDeploymentPostprocessing = 0;
			shellPath = /bin/sh;
			shellScript = "\"${SRCROOT}/Pods/Target Support Files/Pods-Berkeley ABA AppTests/Pods-Berkeley ABA AppTests-frameworks.sh\"\n";
			showEnvVarsInLog = 0;
		};
		67E1D52318C33EAEA69C5258 /* [CP] Embed Pods Frameworks */ = {
			isa = PBXShellScriptBuildPhase;
			buildActionMask = 2147483647;
			files = (
			);
			inputPaths = (
			);
			name = "[CP] Embed Pods Frameworks";
			outputPaths = (
			);
			runOnlyForDeploymentPostprocessing = 0;
			shellPath = /bin/sh;
			shellScript = "\"${SRCROOT}/Pods/Target Support Files/Pods-Berkeley ABA App/Pods-Berkeley ABA App-frameworks.sh\"\n";
			showEnvVarsInLog = 0;
		};
		A47D9A8578811C118ACF88A8 /* [CP] Copy Pods Resources */ = {
			isa = PBXShellScriptBuildPhase;
			buildActionMask = 2147483647;
			files = (
			);
			inputPaths = (
			);
			name = "[CP] Copy Pods Resources";
			outputPaths = (
			);
			runOnlyForDeploymentPostprocessing = 0;
			shellPath = /bin/sh;
			shellScript = "\"${SRCROOT}/Pods/Target Support Files/Pods-Berkeley ABA AppTests/Pods-Berkeley ABA AppTests-resources.sh\"\n";
			showEnvVarsInLog = 0;
		};
		AAEFB959E894E12D7BB1885F /* [CP] Check Pods Manifest.lock */ = {
			isa = PBXShellScriptBuildPhase;
			buildActionMask = 2147483647;
			files = (
			);
			inputPaths = (
			);
			name = "[CP] Check Pods Manifest.lock";
			outputPaths = (
			);
			runOnlyForDeploymentPostprocessing = 0;
			shellPath = /bin/sh;
			shellScript = "diff \"${PODS_ROOT}/../Podfile.lock\" \"${PODS_ROOT}/Manifest.lock\" > /dev/null\nif [[ $? != 0 ]] ; then\n    cat << EOM\nerror: The sandbox is not in sync with the Podfile.lock. Run 'pod install' or update your CocoaPods installation.\nEOM\n    exit 1\nfi\n";
			showEnvVarsInLog = 0;
		};
		E068F67F28A766E8E6AC3A2A /* [CP] Check Pods Manifest.lock */ = {
			isa = PBXShellScriptBuildPhase;
			buildActionMask = 2147483647;
			files = (
			);
			inputPaths = (
			);
			name = "[CP] Check Pods Manifest.lock";
			outputPaths = (
			);
			runOnlyForDeploymentPostprocessing = 0;
			shellPath = /bin/sh;
			shellScript = "diff \"${PODS_ROOT}/../Podfile.lock\" \"${PODS_ROOT}/Manifest.lock\" > /dev/null\nif [[ $? != 0 ]] ; then\n    cat << EOM\nerror: The sandbox is not in sync with the Podfile.lock. Run 'pod install' or update your CocoaPods installation.\nEOM\n    exit 1\nfi\n";
			showEnvVarsInLog = 0;
		};
		F6C964F3737ACE7B580AFE44 /* [CP] Check Pods Manifest.lock */ = {
			isa = PBXShellScriptBuildPhase;
			buildActionMask = 2147483647;
			files = (
			);
			inputPaths = (
			);
			name = "[CP] Check Pods Manifest.lock";
			outputPaths = (
			);
			runOnlyForDeploymentPostprocessing = 0;
			shellPath = /bin/sh;
			shellScript = "diff \"${PODS_ROOT}/../Podfile.lock\" \"${PODS_ROOT}/Manifest.lock\" > /dev/null\nif [[ $? != 0 ]] ; then\n    cat << EOM\nerror: The sandbox is not in sync with the Podfile.lock. Run 'pod install' or update your CocoaPods installation.\nEOM\n    exit 1\nfi\n";
			showEnvVarsInLog = 0;
		};
/* End PBXShellScriptBuildPhase section */

/* Begin PBXSourcesBuildPhase section */
		B437090A1D04DC7D004E0E75 /* Sources */ = {
			isa = PBXSourcesBuildPhase;
			buildActionMask = 2147483647;
			files = (
				B44DC2D31D1DB44F00C419B9 /* TableViewCell.swift in Sources */,
				B44DC2BD1D19FE3400C419B9 /* CommitteesTableViewController 15-57-32-314.swift in Sources */,
				B49EFCCD1D06875D009EA5C8 /* CreateAccountViewController.swift in Sources */,
				B4CF72D61D318A8A00F40C56 /* CreditsViewController.swift in Sources */,
				B4CF72DC1D36323C00F40C56 /* BlueGradientBackground.swift in Sources */,
				B437094A1D04E178004E0E75 /* LoginViewController.swift in Sources */,
				B4D7D3C71D0CBA65001AA109 /* CalendarViewController.swift in Sources */,
				B44DC2C11D1AE4EC00C419B9 /* ThisPerson.swift in Sources */,
				B43709511D04FB88004E0E75 /* OfficersTableViewController.swift in Sources */,
				B43709161D04DC7D004E0E75 /* ProfileViewController.swift in Sources */,
				B4CF72E31D375E8200F40C56 /* CabinetAccessHome.swift in Sources */,
				B4CF72CF1D30898A00F40C56 /* EventDetailsViewController.swift in Sources */,
				B4CF72DE1D36CF1400F40C56 /* CabinetAccessLoginViewController.swift in Sources */,
				B44DC2D71D1DF3CB00C419B9 /* CommunityServiceTableViewController.swift in Sources */,
				B4D7D3B31D071EB8001AA109 /* Reachability.swift in Sources */,
				B44DC2BF1D19FF2E00C419B9 /* PersonInformationViewController.swift in Sources */,
				B43709121D04DC7D004E0E75 /* AppDelegate.swift in Sources */,
				B4D7D3B91D07918E001AA109 /* ReportABugViewController.swift in Sources */,
				B4CF72D41D30A3B000F40C56 /* LocationMapViewController.swift in Sources */,
			);
			runOnlyForDeploymentPostprocessing = 0;
		};
		B43709201D04DC7D004E0E75 /* Sources */ = {
			isa = PBXSourcesBuildPhase;
			buildActionMask = 2147483647;
			files = (
				B43709291D04DC7D004E0E75 /* Berkeley_ABA_AppTests.swift in Sources */,
			);
			runOnlyForDeploymentPostprocessing = 0;
		};
		B437092B1D04DC7D004E0E75 /* Sources */ = {
			isa = PBXSourcesBuildPhase;
			buildActionMask = 2147483647;
			files = (
				B43709341D04DC7D004E0E75 /* Berkeley_ABA_AppUITests.swift in Sources */,
			);
			runOnlyForDeploymentPostprocessing = 0;
		};
/* End PBXSourcesBuildPhase section */

/* Begin PBXTargetDependency section */
		B43709261D04DC7D004E0E75 /* PBXTargetDependency */ = {
			isa = PBXTargetDependency;
			target = B437090D1D04DC7D004E0E75 /* Berkeley ABA App */;
			targetProxy = B43709251D04DC7D004E0E75 /* PBXContainerItemProxy */;
		};
		B43709311D04DC7D004E0E75 /* PBXTargetDependency */ = {
			isa = PBXTargetDependency;
			target = B437090D1D04DC7D004E0E75 /* Berkeley ABA App */;
			targetProxy = B43709301D04DC7D004E0E75 /* PBXContainerItemProxy */;
		};
/* End PBXTargetDependency section */

/* Begin PBXVariantGroup section */
		B43709171D04DC7D004E0E75 /* Main.storyboard */ = {
			isa = PBXVariantGroup;
			children = (
				B43709181D04DC7D004E0E75 /* Base */,
			);
			name = Main.storyboard;
			sourceTree = "<group>";
		};
		B437091C1D04DC7D004E0E75 /* LaunchScreen.storyboard */ = {
			isa = PBXVariantGroup;
			children = (
				B437091D1D04DC7D004E0E75 /* Base */,
			);
			name = LaunchScreen.storyboard;
			sourceTree = "<group>";
		};
/* End PBXVariantGroup section */

/* Begin XCBuildConfiguration section */
		B43709361D04DC7E004E0E75 /* Debug */ = {
			isa = XCBuildConfiguration;
			buildSettings = {
				ALWAYS_SEARCH_USER_PATHS = NO;
				CLANG_CXX_LANGUAGE_STANDARD = "gnu++0x";
				CLANG_CXX_LIBRARY = "libc++";
				CLANG_ENABLE_MODULES = YES;
				CLANG_ENABLE_OBJC_ARC = YES;
				CLANG_WARN_BOOL_CONVERSION = YES;
				CLANG_WARN_CONSTANT_CONVERSION = YES;
				CLANG_WARN_DIRECT_OBJC_ISA_USAGE = YES_ERROR;
				CLANG_WARN_EMPTY_BODY = YES;
				CLANG_WARN_ENUM_CONVERSION = YES;
				CLANG_WARN_INT_CONVERSION = YES;
				CLANG_WARN_OBJC_ROOT_CLASS = YES_ERROR;
				CLANG_WARN_UNREACHABLE_CODE = YES;
				CLANG_WARN__DUPLICATE_METHOD_MATCH = YES;
				"CODE_SIGN_IDENTITY[sdk=iphoneos*]" = "iPhone Developer";
				COPY_PHASE_STRIP = NO;
				DEBUG_INFORMATION_FORMAT = dwarf;
				ENABLE_STRICT_OBJC_MSGSEND = YES;
				ENABLE_TESTABILITY = YES;
				GCC_C_LANGUAGE_STANDARD = gnu99;
				GCC_DYNAMIC_NO_PIC = NO;
				GCC_NO_COMMON_BLOCKS = YES;
				GCC_OPTIMIZATION_LEVEL = 0;
				GCC_PREPROCESSOR_DEFINITIONS = (
					"DEBUG=1",
					"$(inherited)",
				);
				GCC_WARN_64_TO_32_BIT_CONVERSION = YES;
				GCC_WARN_ABOUT_RETURN_TYPE = YES_ERROR;
				GCC_WARN_UNDECLARED_SELECTOR = YES;
				GCC_WARN_UNINITIALIZED_AUTOS = YES_AGGRESSIVE;
				GCC_WARN_UNUSED_FUNCTION = YES;
				GCC_WARN_UNUSED_VARIABLE = YES;
				IPHONEOS_DEPLOYMENT_TARGET = 9.2;
				MTL_ENABLE_DEBUG_INFO = YES;
				ONLY_ACTIVE_ARCH = YES;
				SDKROOT = iphoneos;
				SWIFT_OPTIMIZATION_LEVEL = "-Onone";
				TARGETED_DEVICE_FAMILY = "1,2";
			};
			name = Debug;
		};
		B43709371D04DC7E004E0E75 /* Release */ = {
			isa = XCBuildConfiguration;
			buildSettings = {
				ALWAYS_SEARCH_USER_PATHS = NO;
				CLANG_CXX_LANGUAGE_STANDARD = "gnu++0x";
				CLANG_CXX_LIBRARY = "libc++";
				CLANG_ENABLE_MODULES = YES;
				CLANG_ENABLE_OBJC_ARC = YES;
				CLANG_WARN_BOOL_CONVERSION = YES;
				CLANG_WARN_CONSTANT_CONVERSION = YES;
				CLANG_WARN_DIRECT_OBJC_ISA_USAGE = YES_ERROR;
				CLANG_WARN_EMPTY_BODY = YES;
				CLANG_WARN_ENUM_CONVERSION = YES;
				CLANG_WARN_INT_CONVERSION = YES;
				CLANG_WARN_OBJC_ROOT_CLASS = YES_ERROR;
				CLANG_WARN_UNREACHABLE_CODE = YES;
				CLANG_WARN__DUPLICATE_METHOD_MATCH = YES;
				"CODE_SIGN_IDENTITY[sdk=iphoneos*]" = "iPhone Developer";
				COPY_PHASE_STRIP = NO;
				DEBUG_INFORMATION_FORMAT = "dwarf-with-dsym";
				ENABLE_NS_ASSERTIONS = NO;
				ENABLE_STRICT_OBJC_MSGSEND = YES;
				GCC_C_LANGUAGE_STANDARD = gnu99;
				GCC_NO_COMMON_BLOCKS = YES;
				GCC_WARN_64_TO_32_BIT_CONVERSION = YES;
				GCC_WARN_ABOUT_RETURN_TYPE = YES_ERROR;
				GCC_WARN_UNDECLARED_SELECTOR = YES;
				GCC_WARN_UNINITIALIZED_AUTOS = YES_AGGRESSIVE;
				GCC_WARN_UNUSED_FUNCTION = YES;
				GCC_WARN_UNUSED_VARIABLE = YES;
				IPHONEOS_DEPLOYMENT_TARGET = 9.2;
				MTL_ENABLE_DEBUG_INFO = NO;
				SDKROOT = iphoneos;
				TARGETED_DEVICE_FAMILY = "1,2";
				VALIDATE_PRODUCT = YES;
			};
			name = Release;
		};
		B43709391D04DC7E004E0E75 /* Debug */ = {
			isa = XCBuildConfiguration;
			baseConfigurationReference = 7FCC436BEECDA361DFC7939B /* Pods-Berkeley ABA App.debug.xcconfig */;
			buildSettings = {
				ASSETCATALOG_COMPILER_APPICON_NAME = AppIcon;
				ASSETCATALOG_COMPILER_LAUNCHIMAGE_NAME = "Brand Assets";
				CLANG_ENABLE_MODULES = YES;
				CODE_SIGN_IDENTITY = "iPhone Developer";
				"CODE_SIGN_IDENTITY[sdk=iphoneos*]" = "iPhone Developer";
				FRAMEWORK_SEARCH_PATHS = (
					"$(inherited)",
					"$(PROJECT_DIR)/Berkeley",
					ABA,
					App,
					"$(PROJECT_DIR)/Berkeley",
					ABA,
					App,
					"$(PROJECT_DIR)/Berkeley",
					ABA,
					App,
					"$(PROJECT_DIR)/Berkeley",
					ABA,
					App,
					"$(PROJECT_DIR)/Berkeley",
					ABA,
					App,
					"$(PROJECT_DIR)/Berkeley",
					ABA,
					App,
					"$(PROJECT_DIR)",
				);
				INFOPLIST_FILE = "Berkeley ABA App/Info.plist";
				LD_RUNPATH_SEARCH_PATHS = "$(inherited) @executable_path/Frameworks";
				PRODUCT_BUNDLE_IDENTIFIER = com.BerkeleyABA.BerkeleyABA;
				PRODUCT_NAME = "$(TARGET_NAME)";
				PROVISIONING_PROFILE = "";
				SWIFT_OBJC_BRIDGING_HEADER = "Berkeley ABA App/Berkeley ABA App-Bridging-Header.h";
				SWIFT_OPTIMIZATION_LEVEL = "-Onone";
			};
			name = Debug;
		};
		B437093A1D04DC7E004E0E75 /* Release */ = {
			isa = XCBuildConfiguration;
			baseConfigurationReference = 24829880FE1C6090E5EDEC60 /* Pods-Berkeley ABA App.release.xcconfig */;
			buildSettings = {
				ASSETCATALOG_COMPILER_APPICON_NAME = AppIcon;
				ASSETCATALOG_COMPILER_LAUNCHIMAGE_NAME = "Brand Assets";
				CLANG_ENABLE_MODULES = YES;
				CODE_SIGN_IDENTITY = "iPhone Developer";
				"CODE_SIGN_IDENTITY[sdk=iphoneos*]" = "iPhone Developer";
				FRAMEWORK_SEARCH_PATHS = (
					"$(inherited)",
					"$(PROJECT_DIR)/Berkeley",
					ABA,
					App,
					"$(PROJECT_DIR)/Berkeley",
					ABA,
					App,
					"$(PROJECT_DIR)/Berkeley",
					ABA,
					App,
					"$(PROJECT_DIR)/Berkeley",
					ABA,
					App,
					"$(PROJECT_DIR)/Berkeley",
					ABA,
					App,
					"$(PROJECT_DIR)/Berkeley",
					ABA,
					App,
					"$(PROJECT_DIR)",
				);
				INFOPLIST_FILE = "Berkeley ABA App/Info.plist";
				LD_RUNPATH_SEARCH_PATHS = "$(inherited) @executable_path/Frameworks";
				PRODUCT_BUNDLE_IDENTIFIER = com.BerkeleyABA.BerkeleyABA;
				PRODUCT_NAME = "$(TARGET_NAME)";
				PROVISIONING_PROFILE = "";
				SWIFT_OBJC_BRIDGING_HEADER = "Berkeley ABA App/Berkeley ABA App-Bridging-Header.h";
			};
			name = Release;
		};
		B437093C1D04DC7E004E0E75 /* Debug */ = {
			isa = XCBuildConfiguration;
			buildSettings = {
				BUNDLE_LOADER = "$(TEST_HOST)";
				INFOPLIST_FILE = "Berkeley ABA AppTests/Info.plist";
				LD_RUNPATH_SEARCH_PATHS = "$(inherited) @executable_path/Frameworks @loader_path/Frameworks";
				PRODUCT_BUNDLE_IDENTIFIER = "com.HsuTimothy.Berkeley-ABA-AppTests";
				PRODUCT_NAME = "$(TARGET_NAME)";
				TEST_HOST = "$(BUILT_PRODUCTS_DIR)/Berkeley ABA App.app/Berkeley ABA App";
			};
			name = Debug;
		};
		B437093D1D04DC7E004E0E75 /* Release */ = {
			isa = XCBuildConfiguration;
			buildSettings = {
				BUNDLE_LOADER = "$(TEST_HOST)";
				INFOPLIST_FILE = "Berkeley ABA AppTests/Info.plist";
				LD_RUNPATH_SEARCH_PATHS = "$(inherited) @executable_path/Frameworks @loader_path/Frameworks";
				PRODUCT_BUNDLE_IDENTIFIER = "com.HsuTimothy.Berkeley-ABA-AppTests";
				PRODUCT_NAME = "$(TARGET_NAME)";
				TEST_HOST = "$(BUILT_PRODUCTS_DIR)/Berkeley ABA App.app/Berkeley ABA App";
			};
			name = Release;
		};
		B437093F1D04DC7E004E0E75 /* Debug */ = {
			isa = XCBuildConfiguration;
			buildSettings = {
				INFOPLIST_FILE = "Berkeley ABA AppUITests/Info.plist";
				LD_RUNPATH_SEARCH_PATHS = "$(inherited) @executable_path/Frameworks @loader_path/Frameworks";
				PRODUCT_BUNDLE_IDENTIFIER = "com.HsuTimothy.Berkeley-ABA-AppUITests";
				PRODUCT_NAME = "$(TARGET_NAME)";
				TEST_TARGET_NAME = "Berkeley ABA App";
				USES_XCTRUNNER = YES;
			};
			name = Debug;
		};
		B43709401D04DC7E004E0E75 /* Release */ = {
			isa = XCBuildConfiguration;
			buildSettings = {
				INFOPLIST_FILE = "Berkeley ABA AppUITests/Info.plist";
				LD_RUNPATH_SEARCH_PATHS = "$(inherited) @executable_path/Frameworks @loader_path/Frameworks";
				PRODUCT_BUNDLE_IDENTIFIER = "com.HsuTimothy.Berkeley-ABA-AppUITests";
				PRODUCT_NAME = "$(TARGET_NAME)";
				TEST_TARGET_NAME = "Berkeley ABA App";
				USES_XCTRUNNER = YES;
			};
			name = Release;
		};
/* End XCBuildConfiguration section */

/* Begin XCConfigurationList section */
		B43709091D04DC7D004E0E75 /* Build configuration list for PBXProject "Berkeley ABA App" */ = {
			isa = XCConfigurationList;
			buildConfigurations = (
				B43709361D04DC7E004E0E75 /* Debug */,
				B43709371D04DC7E004E0E75 /* Release */,
			);
			defaultConfigurationIsVisible = 0;
			defaultConfigurationName = Release;
		};
		B43709381D04DC7E004E0E75 /* Build configuration list for PBXNativeTarget "Berkeley ABA App" */ = {
			isa = XCConfigurationList;
			buildConfigurations = (
				B43709391D04DC7E004E0E75 /* Debug */,
				B437093A1D04DC7E004E0E75 /* Release */,
			);
			defaultConfigurationIsVisible = 0;
			defaultConfigurationName = Release;
		};
		B437093B1D04DC7E004E0E75 /* Build configuration list for PBXNativeTarget "Berkeley ABA AppTests" */ = {
			isa = XCConfigurationList;
			buildConfigurations = (
				B437093C1D04DC7E004E0E75 /* Debug */,
				B437093D1D04DC7E004E0E75 /* Release */,
			);
			defaultConfigurationIsVisible = 0;
			defaultConfigurationName = Release;
		};
		B437093E1D04DC7E004E0E75 /* Build configuration list for PBXNativeTarget "Berkeley ABA AppUITests" */ = {
			isa = XCConfigurationList;
			buildConfigurations = (
				B437093F1D04DC7E004E0E75 /* Debug */,
				B43709401D04DC7E004E0E75 /* Release */,
			);
			defaultConfigurationIsVisible = 0;
			defaultConfigurationName = Release;
		};
/* End XCConfigurationList section */
	};
	rootObject = B43709061D04DC7D004E0E75 /* Project object */;
}
